
Microsoft Visual Studio Solution File, Format Version 12.00
# Visual Studio Version 16
VisualStudioVersion = 16.0.31005.135
MinimumVisualStudioVersion = 10.0.40219.1
Project("{FAE04EC0-301F-11D3-BF4B-00C04F79EFBC}") = "CampIntro", "CampIntro\CampIntro.csproj", "{AE2B47C6-CBFF-419E-992C-A2734D079C1F}"
EndProject
Project("{FAE04EC0-301F-11D3-BF4B-00C04F79EFBC}") = "ClassIntro", "ClassIntro\ClassIntro.csproj", "{6A833072-F979-4D5C-B458-B184F87F795D}"
EndProject
Project("{FAE04EC0-301F-11D3-BF4B-00C04F79EFBC}") = "Collections", "Collections\Collections.csproj", "{AE8084D5-63BA-4301-8A86-40139DE69B48}"
EndProject
Project("{FAE04EC0-301F-11D3-BF4B-00C04F79EFBC}") = "DegerVeReferansTipler", "DegerVeReferansTipler\DegerVeReferansTipler.csproj", "{F01ED355-8283-48D8-A18E-CA08CAD6BF98}"
EndProject
Project("{FAE04EC0-301F-11D3-BF4B-00C04F79EFBC}") = "Donguler", "Donguler\Donguler.csproj", "{89BC7A1B-D801-476E-96AE-FFD9AB8AAF6D}"
EndProject
Project("{FAE04EC0-301F-11D3-BF4B-00C04F79EFBC}") = "GenericsIntro", "GenericsIntro\GenericsIntro.csproj", "{5C2083AE-6817-4C43-BE0D-1E003367DD9D}"
EndProject
Project("{FAE04EC0-301F-11D3-BF4B-00C04F79EFBC}") = "Matematik", "Matematik\Matematik.csproj", "{79CE6EEE-61EE-4080-9F15-50BD33C0392A}"
EndProject
Project("{FAE04EC0-301F-11D3-BF4B-00C04F79EFBC}") = "Metotlar", "Metotlar\Metotlar.csproj", "{E8DFFA1D-B1B7-4DF1-AABD-39327ECE94F8}"
EndProject
Project("{FAE04EC0-301F-11D3-BF4B-00C04F79EFBC}") = "OOP1", "OOP1\OOP1.csproj", "{06210166-DC81-4F49-B3C8-10DDECC07B53}"
EndProject
Project("{FAE04EC0-301F-11D3-BF4B-00C04F79EFBC}") = "OOP2", "OOP2\OOP2.csproj", "{7E8CA8BE-AEE7-45D1-A523-DCA522F5EC2C}"
EndProject
Project("{FAE04EC0-301F-11D3-BF4B-00C04F79EFBC}") = "OOP3", "OOP3\OOP3.csproj", "{C6A5C515-4D25-43F4-B781-DDD07184F48A}"
EndProject
Global
	GlobalSection(SolutionConfigurationPlatforms) = preSolution
		Debug|Any CPU = Debug|Any CPU
		Release|Any CPU = Release|Any CPU
	EndGlobalSection
	GlobalSection(ProjectConfigurationPlatforms) = postSolution
		{AE2B47C6-CBFF-419E-992C-A2734D079C1F}.Debug|Any CPU.ActiveCfg = Debug|Any CPU
		{AE2B47C6-CBFF-419E-992C-A2734D079C1F}.Debug|Any CPU.Build.0 = Debug|Any CPU
		{AE2B47C6-CBFF-419E-992C-A2734D079C1F}.Release|Any CPU.ActiveCfg = Release|Any CPU
		{AE2B47C6-CBFF-419E-992C-A2734D079C1F}.Release|Any CPU.Build.0 = Release|Any CPU
		{6A833072-F979-4D5C-B458-B184F87F795D}.Debug|Any CPU.ActiveCfg = Debug|Any CPU
		{6A833072-F979-4D5C-B458-B184F87F795D}.Debug|Any CPU.Build.0 = Debug|Any CPU
		{6A833072-F979-4D5C-B458-B184F87F795D}.Release|Any CPU.ActiveCfg = Release|Any CPU
		{6A833072-F979-4D5C-B458-B184F87F795D}.Release|Any CPU.Build.0 = Release|Any CPU
		{AE8084D5-63BA-4301-8A86-40139DE69B48}.Debug|Any CPU.ActiveCfg = Debug|Any CPU
		{AE8084D5-63BA-4301-8A86-40139DE69B48}.Debug|Any CPU.Build.0 = Debug|Any CPU
		{AE8084D5-63BA-4301-8A86-40139DE69B48}.Release|Any CPU.ActiveCfg = Release|Any CPU
		{AE8084D5-63BA-4301-8A86-40139DE69B48}.Release|Any CPU.Build.0 = Release|Any CPU
		{F01ED355-8283-48D8-A18E-CA08CAD6BF98}.Debug|Any CPU.ActiveCfg = Debug|Any CPU
		{F01ED355-8283-48D8-A18E-CA08CAD6BF98}.Debug|Any CPU.Build.0 = Debug|Any CPU
		{F01ED355-8283-48D8-A18E-CA08CAD6BF98}.Release|Any CPU.ActiveCfg = Release|Any CPU
		{F01ED355-8283-48D8-A18E-CA08CAD6BF98}.Release|Any CPU.Build.0 = Release|Any CPU
		{89BC7A1B-D801-476E-96AE-FFD9AB8AAF6D}.Debug|Any CPU.ActiveCfg = Debug|Any CPU
		{89BC7A1B-D801-476E-96AE-FFD9AB8AAF6D}.Debug|Any CPU.Build.0 = Debug|Any CPU
		{89BC7A1B-D801-476E-96AE-FFD9AB8AAF6D}.Release|Any CPU.ActiveCfg = Release|Any CPU
		{89BC7A1B-D801-476E-96AE-FFD9AB8AAF6D}.Release|Any CPU.Build.0 = Release|Any CPU
		{5C2083AE-6817-4C43-BE0D-1E003367DD9D}.Debug|Any CPU.ActiveCfg = Debug|Any CPU
		{5C2083AE-6817-4C43-BE0D-1E003367DD9D}.Debug|Any CPU.Build.0 = Debug|Any CPU
		{5C2083AE-6817-4C43-BE0D-1E003367DD9D}.Release|Any CPU.ActiveCfg = Release|Any CPU
		{5C2083AE-6817-4C43-BE0D-1E003367DD9D}.Release|Any CPU.Build.0 = Release|Any CPU
		{79CE6EEE-61EE-4080-9F15-50BD33C0392A}.Debug|Any CPU.ActiveCfg = Debug|Any CPU
		{79CE6EEE-61EE-4080-9F15-50BD33C0392A}.Debug|Any CPU.Build.0 = Debug|Any CPU
		{79CE6EEE-61EE-4080-9F15-50BD33C0392A}.Release|Any CPU.ActiveCfg = Release|Any CPU
		{79CE6EEE-61EE-4080-9F15-50BD33C0392A}.Release|Any CPU.Build.0 = Release|Any CPU
		{E8DFFA1D-B1B7-4DF1-AABD-39327ECE94F8}.Debug|Any CPU.ActiveCfg = Debug|Any CPU
		{E8DFFA1D-B1B7-4DF1-AABD-39327ECE94F8}.Debug|Any CPU.Build.0 = Debug|Any CPU
		{E8DFFA1D-B1B7-4DF1-AABD-39327ECE94F8}.Release|Any CPU.ActiveCfg = Release|Any CPU
		{E8DFFA1D-B1B7-4DF1-AABD-39327ECE94F8}.Release|Any CPU.Build.0 = Release|Any CPU
		{06210166-DC81-4F49-B3C8-10DDECC07B53}.Debug|Any CPU.ActiveCfg = Debug|Any CPU
		{06210166-DC81-4F49-B3C8-10DDECC07B53}.Debug|Any CPU.Build.0 = Debug|Any CPU
		{06210166-DC81-4F49-B3C8-10DDECC07B53}.Release|Any CPU.ActiveCfg = Release|Any CPU
		{06210166-DC81-4F49-B3C8-10DDECC07B53}.Release|Any CPU.Build.0 = Release|Any CPU
		{7E8CA8BE-AEE7-45D1-A523-DCA522F5EC2C}.Debug|Any CPU.ActiveCfg = Debug|Any CPU
		{7E8CA8BE-AEE7-45D1-A523-DCA522F5EC2C}.Debug|Any CPU.Build.0 = Debug|Any CPU
		{7E8CA8BE-AEE7-45D1-A523-DCA522F5EC2C}.Release|Any CPU.ActiveCfg = Release|Any CPU
		{7E8CA8BE-AEE7-45D1-A523-DCA522F5EC2C}.Release|Any CPU.Build.0 = Release|Any CPU
		{C6A5C515-4D25-43F4-B781-DDD07184F48A}.Debug|Any CPU.ActiveCfg = Debug|Any CPU
		{C6A5C515-4D25-43F4-B781-DDD07184F48A}.Debug|Any CPU.Build.0 = Debug|Any CPU
		{C6A5C515-4D25-43F4-B781-DDD07184F48A}.Release|Any CPU.ActiveCfg = Release|Any CPU
		{C6A5C515-4D25-43F4-B781-DDD07184F48A}.Release|Any CPU.Build.0 = Release|Any CPU
	EndGlobalSection
	GlobalSection(SolutionProperties) = preSolution
		HideSolutionNode = FALSE
	EndGlobalSection
	GlobalSection(ExtensibilityGlobals) = postSolution
		SolutionGuid = {816B6F03-C61D-46E2-8C7A-691E2DF83ACB}
	EndGlobalSection
EndGlobal
